
Microsoft Visual Studio Solution File, Format Version 12.00
# Visual Studio 2012
Project("{FAE04EC0-301F-11D3-BF4B-00C04F79EFBC}") = "Zlib.Portable", "Zlib.Portable\Zlib.Portable.csproj", "{AD1688BF-75A9-4C42-B6D0-40AA3B28A102}"
EndProject
Project("{FAE04EC0-301F-11D3-BF4B-00C04F79EFBC}") = "Zlib.Portable.Tests", "Zlib.Portable.Tests\Zlib.Portable.Tests.csproj", "{047A98B2-BC96-41B4-ADD8-2167FB1B6502}"
EndProject
Project("{2150E333-8FDC-42A3-9474-1A3956D46DE8}") = "Solution Items", "Solution Items", "{C47C3A94-82D2-46F2-A0D5-75A7545D1376}"
	ProjectSection(SolutionItems) = preProject
		strongnamekey.snk = strongnamekey.snk
	EndProjectSection
EndProject
Global
	GlobalSection(SolutionConfigurationPlatforms) = preSolution
		Debug|Any CPU = Debug|Any CPU
		Release|Any CPU = Release|Any CPU
		Debug_signed|Any CPU = Debug_signed|Any CPU
		Release_signed|Any CPU = Release_signed|Any CPU
	EndGlobalSection
	GlobalSection(ProjectConfigurationPlatforms) = postSolution
		{AD1688BF-75A9-4C42-B6D0-40AA3B28A102}.Debug|Any CPU.ActiveCfg = Debug|Any CPU
		{AD1688BF-75A9-4C42-B6D0-40AA3B28A102}.Debug|Any CPU.Build.0 = Debug|Any CPU
		{AD1688BF-75A9-4C42-B6D0-40AA3B28A102}.Release|Any CPU.ActiveCfg = Release|Any CPU
		{AD1688BF-75A9-4C42-B6D0-40AA3B28A102}.Release|Any CPU.Build.0 = Release|Any CPU
		{AD1688BF-75A9-4C42-B6D0-40AA3B28A102}.Debug_signed|Any CPU.ActiveCfg = Debug_signed|Any CPU
		{AD1688BF-75A9-4C42-B6D0-40AA3B28A102}.Debug_signed|Any CPU.Build.0 = Debug_signed|Any CPU
		{AD1688BF-75A9-4C42-B6D0-40AA3B28A102}.Release_signed|Any CPU.ActiveCfg = Release_signed|Any CPU
		{AD1688BF-75A9-4C42-B6D0-40AA3B28A102}.Release_signed|Any CPU.Build.0 = Release_signed|Any CPU
		{047A98B2-BC96-41B4-ADD8-2167FB1B6502}.Debug|Any CPU.ActiveCfg = Debug|Any CPU
		{047A98B2-BC96-41B4-ADD8-2167FB1B6502}.Debug|Any CPU.Build.0 = Debug|Any CPU
		{047A98B2-BC96-41B4-ADD8-2167FB1B6502}.Release|Any CPU.ActiveCfg = Release|Any CPU
		{047A98B2-BC96-41B4-ADD8-2167FB1B6502}.Release|Any CPU.Build.0 = Release|Any CPU
		{047A98B2-BC96-41B4-ADD8-2167FB1B6502}.Debug_signed|Any CPU.ActiveCfg = Debug_signed|Any CPU
		{047A98B2-BC96-41B4-ADD8-2167FB1B6502}.Debug_signed|Any CPU.Build.0 = Debug_signed|Any CPU
		{047A98B2-BC96-41B4-ADD8-2167FB1B6502}.Release_signed|Any CPU.ActiveCfg = Release_signed|Any CPU
		{047A98B2-BC96-41B4-ADD8-2167FB1B6502}.Release_signed|Any CPU.Build.0 = Release_signed|Any CPU
	EndGlobalSection
	GlobalSection(SolutionProperties) = preSolution
		HideSolutionNode = FALSE
	EndGlobalSection
EndGlobal
